{
  "name": "casoon-tailwind-effects",
  "version": "0.4.1",
  "lockfileVersion": 3,
  "requires": true,
  "packages": {
    "": {
      "name": "casoon-tailwind-effects",
      "version": "0.4.1",
      "license": "MIT",
      "workspaces": [
        "packages/*"
      ]
    },
    "node_modules/@casoon/tailwindcss-animations": {
      "resolved": "packages/tailwindcss-animations",
      "link": true
    },
    "node_modules/@casoon/tailwindcss-effects": {
      "resolved": "packages/tailwindcss-effects",
      "link": true
    },
    "node_modules/@casoon/tailwindcss-glass": {
      "resolved": "packages/tailwindcss-glass",
      "link": true
    },
    "node_modules/@casoon/tailwindcss-gradients": {
      "resolved": "packages/tailwindcss-gradients",
      "link": true
    },
    "node_modules/@casoon/tailwindcss-navigation": {
      "resolved": "packages/tailwindcss-navigation",
      "link": true
    },
    "node_modules/@casoon/tailwindcss-orbs": {
      "resolved": "packages/tailwindcss-orbs",
      "link": true
    },
    "node_modules/@casoon/tailwindcss-scroll": {
      "resolved": "packages/tailwindcss-scroll",
      "link": true
    },
    "node_modules/@casoon/tailwindcss-utilities": {
      "resolved": "packages/tailwindcss-utilities",
      "link": true
    },
    "node_modules/tailwindcss": {
      "version": "4.1.12",
      "resolved": "https://registry.npmjs.org/tailwindcss/-/tailwindcss-4.1.12.tgz",
      "integrity": "sha512-DzFtxOi+7NsFf7DBtI3BJsynR+0Yp6etH+nRPTbpWnS2pZBaSksv/JGctNwSWzbFjp0vxSqknaUylseZqMDGrA==",
      "license": "MIT",
      "peer": true
    },
    "packages/tailwindcss-animations": {
      "name": "@casoon/tailwindcss-animations",
      "version": "0.4.2",
      "license": "MIT",
      "peerDependencies": {
        "tailwindcss": "^4.0.0"
      }
    },
    "packages/tailwindcss-effects": {
      "name": "@casoon/tailwindcss-effects",
      "version": "0.4.2",
      "license": "MIT",
      "dependencies": {
        "@casoon/tailwindcss-animations": "^0.4.0",
        "@casoon/tailwindcss-glass": "^0.4.0",
        "@casoon/tailwindcss-gradients": "^0.4.0",
        "@casoon/tailwindcss-navigation": "^0.4.0",
        "@casoon/tailwindcss-orbs": "^0.4.0",
        "@casoon/tailwindcss-scroll": "^0.4.0",
        "@casoon/tailwindcss-utilities": "^0.4.0"
      },
      "peerDependencies": {
        "tailwindcss": "^4.0.0"
      }
    },
    "packages/tailwindcss-glass": {
      "name": "@casoon/tailwindcss-glass",
      "version": "0.4.2",
      "license": "MIT",
      "peerDependencies": {
        "tailwindcss": "^4.0.0"
      }
    },
    "packages/tailwindcss-gradients": {
      "name": "@casoon/tailwindcss-gradients",
      "version": "0.4.2",
      "license": "MIT",
      "peerDependencies": {
        "tailwindcss": "^4.0.0"
      }
    },
    "packages/tailwindcss-navigation": {
      "name": "@casoon/tailwindcss-navigation",
      "version": "0.4.2",
      "license": "MIT",
      "peerDependencies": {
        "tailwindcss": "^4.0.0"
      }
    },
    "packages/tailwindcss-orbs": {
      "name": "@casoon/tailwindcss-orbs",
      "version": "0.4.2",
      "license": "MIT",
      "peerDependencies": {
        "tailwindcss": "^4.0.0"
      }
    },
    "packages/tailwindcss-scroll": {
      "name": "@casoon/tailwindcss-scroll",
      "version": "0.4.2",
      "license": "MIT",
      "dependencies": {
        "@casoon/tailwindcss-animations": "^0.4.0"
      },
      "peerDependencies": {
        "tailwindcss": "^4.0.0"
      }
    },
    "packages/tailwindcss-utilities": {
      "name": "@casoon/tailwindcss-utilities",
      "version": "0.4.2",
      "license": "MIT",
      "peerDependencies": {
        "tailwindcss": "^4.0.0"
      }
    }
  }
}
