lockfileVersion: '9.0'

settings:
  autoInstallPeers: true
  excludeLinksFromLockfile: false

importers:

  .:
    devDependencies:
      tailwindcss:
        specifier: ^4.0.0
        version: 4.0.0

  packages/tailwindcss-animations:
    dependencies:
      tailwindcss:
        specifier: ^4.0.0
        version: 4.1.13

  packages/tailwindcss-effects:
    dependencies:
      '@casoon/tailwindcss-animations':
        specifier: ^0.7.1
        version: 0.7.1(tailwindcss@4.1.13)
      '@casoon/tailwindcss-glass':
        specifier: ^0.7.1
        version: 0.7.1(tailwindcss@4.1.13)
      '@casoon/tailwindcss-gradients':
        specifier: ^0.7.1
        version: 0.7.1(tailwindcss@4.1.13)
      '@casoon/tailwindcss-loading':
        specifier: ^0.7.1
        version: 0.7.1(tailwindcss@4.1.13)
      '@casoon/tailwindcss-micro-interactions':
        specifier: ^0.7.1
        version: 0.7.1(tailwindcss@4.1.13)
      '@casoon/tailwindcss-navigation':
        specifier: ^0.7.1
        version: 0.7.1(tailwindcss@4.1.13)
      '@casoon/tailwindcss-orbs':
        specifier: ^0.7.1
        version: 0.7.1(tailwindcss@4.1.13)
      '@casoon/tailwindcss-scroll':
        specifier: ^0.7.1
        version: 0.7.1(tailwindcss@4.1.13)
      '@casoon/tailwindcss-utilities':
        specifier: ^0.7.1
        version: 0.7.1(tailwindcss@4.1.13)
      tailwindcss:
        specifier: ^4.0.0
        version: 4.1.13

  packages/tailwindcss-glass:
    dependencies:
      tailwindcss:
        specifier: ^4.0.0
        version: 4.1.13

  packages/tailwindcss-gradients:
    dependencies:
      tailwindcss:
        specifier: ^4.0.0
        version: 4.1.13

  packages/tailwindcss-loading:
    dependencies:
      tailwindcss:
        specifier: ^4.0.0
        version: 4.1.13

  packages/tailwindcss-micro-interactions:
    dependencies:
      tailwindcss:
        specifier: ^4.0.0
        version: 4.1.13

  packages/tailwindcss-navigation:
    dependencies:
      tailwindcss:
        specifier: ^4.0.0
        version: 4.1.13

  packages/tailwindcss-orbs:
    dependencies:
      tailwindcss:
        specifier: ^4.0.0
        version: 4.1.13

  packages/tailwindcss-scroll:
    dependencies:
      '@casoon/tailwindcss-animations':
        specifier: ^0.5.6
        version: 0.5.9(tailwindcss@4.1.13)
      tailwindcss:
        specifier: ^4.0.0
        version: 4.1.13

  packages/tailwindcss-utilities:
    dependencies:
      tailwindcss:
        specifier: ^4.0.0
        version: 4.1.13

packages:

  '@casoon/tailwindcss-animations@0.5.9':
    resolution: {integrity: sha512-6E5M5a6WaTeWv6ZVOkISeGw9TM+ul+r/myemhAO+4pV7YuNTTe+cAMOPQA/D7i8SGlD4prPg98j1Ig/heU5LsA==}
    peerDependencies:
      tailwindcss: ^4.0.0

  '@casoon/tailwindcss-animations@0.7.1':
    resolution: {integrity: sha512-HkesUgAFv4QwGtrV5/kPAOr5x+k8N4PJ67WjA6r7hLymzoDJVifvh5V7VkVL+afVguqBinMKeTYxBU4W50ArZg==}
    peerDependencies:
      tailwindcss: ^4.0.0

  '@casoon/tailwindcss-glass@0.7.1':
    resolution: {integrity: sha512-d6aQJ16gWfr6oeirtmwTzP92S8+j6mP4RnvpDlSIm3bEVJArYiVB15KvThDobMoosEB4KR4zhHj8YkdAldoYNQ==}
    peerDependencies:
      tailwindcss: ^4.0.0

  '@casoon/tailwindcss-gradients@0.7.1':
    resolution: {integrity: sha512-5Y1t/A7PTQHE5G1dGJ70zq5JaqygmWBm0MwxjVXKj6MG2ITE9OBkmQ5M5ZUG6Z+pnPcw/JtU6OX8q7AdVlQcLQ==}
    peerDependencies:
      tailwindcss: ^4.0.0

  '@casoon/tailwindcss-loading@0.7.1':
    resolution: {integrity: sha512-AQjRXMD88NCDuJgFdoiMD2O5gH7JXACut7SpKRmBEGghNn5UQFddTp60lvHDgUWmhkAydgoo4GwOnCN1zmWmjA==}
    peerDependencies:
      tailwindcss: ^4.0.0

  '@casoon/tailwindcss-micro-interactions@0.7.1':
    resolution: {integrity: sha512-4AYq+R0iMrX5wcBrV0y49RUnUOQ84D/Dr/vPaGczOyGPjtPX90n4wcMeMUmrtG7LLbyBJZpx/4ucC+uNLqMARQ==}
    peerDependencies:
      tailwindcss: ^4.0.0

  '@casoon/tailwindcss-navigation@0.7.1':
    resolution: {integrity: sha512-LSe4f3rCg3cIRWCOVHsXfpfsFn+l0R8XhZ2VBskwu1qu4RWqgWudwXJqMww02KquDt7CY2jSowe1Cq/0hhAr8A==}
    peerDependencies:
      tailwindcss: ^4.0.0

  '@casoon/tailwindcss-orbs@0.7.1':
    resolution: {integrity: sha512-66Y6Ero+OTFEcGVLZzTb6yrkB2c1TSZbEujlbqcQqfgRwBReID7EjkrFot7ZANDrvN1sW7gXiAEOcJApjTXDhg==}
    peerDependencies:
      tailwindcss: ^4.0.0

  '@casoon/tailwindcss-scroll@0.7.1':
    resolution: {integrity: sha512-oXAuEftBsOOEWhKRhkXuujW29FcwwrBMoiNgxt7GZFIaOmmEfDGIYgMJBOB8SAfUZ4z75qGjW3pTz01PdfDgTw==}
    peerDependencies:
      tailwindcss: ^4.0.0

  '@casoon/tailwindcss-utilities@0.7.1':
    resolution: {integrity: sha512-nbnSwIkfhF9H0oUMrE/aRuxk20u9gRX+MELkWzwwrdmfnEDWdy3i6RbOiaM8N8SbR/P+y3xDFCtaiAcVr2RXGw==}
    peerDependencies:
      tailwindcss: ^4.0.0

  tailwindcss@4.0.0:
    resolution: {integrity: sha512-ULRPI3A+e39T7pSaf1xoi58AqqJxVCLg8F/uM5A3FadUbnyDTgltVnXJvdkTjwCOGA6NazqHVcwPJC5h2vRYVQ==}

  tailwindcss@4.1.13:
    resolution: {integrity: sha512-i+zidfmTqtwquj4hMEwdjshYYgMbOrPzb9a0M3ZgNa0JMoZeFC6bxZvO8yr8ozS6ix2SDz0+mvryPeBs2TFE+w==}

snapshots:

  '@casoon/tailwindcss-animations@0.5.9(tailwindcss@4.1.13)':
    dependencies:
      tailwindcss: 4.1.13

  '@casoon/tailwindcss-animations@0.7.1(tailwindcss@4.1.13)':
    dependencies:
      tailwindcss: 4.1.13

  '@casoon/tailwindcss-glass@0.7.1(tailwindcss@4.1.13)':
    dependencies:
      tailwindcss: 4.1.13

  '@casoon/tailwindcss-gradients@0.7.1(tailwindcss@4.1.13)':
    dependencies:
      tailwindcss: 4.1.13

  '@casoon/tailwindcss-loading@0.7.1(tailwindcss@4.1.13)':
    dependencies:
      tailwindcss: 4.1.13

  '@casoon/tailwindcss-micro-interactions@0.7.1(tailwindcss@4.1.13)':
    dependencies:
      tailwindcss: 4.1.13

  '@casoon/tailwindcss-navigation@0.7.1(tailwindcss@4.1.13)':
    dependencies:
      tailwindcss: 4.1.13

  '@casoon/tailwindcss-orbs@0.7.1(tailwindcss@4.1.13)':
    dependencies:
      tailwindcss: 4.1.13

  '@casoon/tailwindcss-scroll@0.7.1(tailwindcss@4.1.13)':
    dependencies:
      '@casoon/tailwindcss-animations': 0.5.9(tailwindcss@4.1.13)
      tailwindcss: 4.1.13

  '@casoon/tailwindcss-utilities@0.7.1(tailwindcss@4.1.13)':
    dependencies:
      tailwindcss: 4.1.13

  tailwindcss@4.0.0: {}

  tailwindcss@4.1.13: {}
